
Microsoft Visual Studio Solution File, Format Version 12.00
# Visual Studio Version 17
VisualStudioVersion = 17.7.34221.43
MinimumVisualStudioVersion = 10.0.40219.1
Project("{FAE04EC0-301F-11D3-BF4B-00C04F79EFBC}") = "WindowsForms", "WindowsForms\WindowsForms.csproj", "{3EA0681A-99FE-4134-8F72-12A670ACADE3}"
EndProject
Global
	GlobalSection(SolutionConfigurationPlatforms) = preSolution
		Debug|Any CPU = Debug|Any CPU
		Release|Any CPU = Release|Any CPU
	EndGlobalSection
	GlobalSection(ProjectConfigurationPlatforms) = postSolution
		{3EA0681A-99FE-4134-8F72-12A670ACADE3}.Debug|Any CPU.ActiveCfg = Debug|Any CPU
		{3EA0681A-99FE-4134-8F72-12A670ACADE3}.Debug|Any CPU.Build.0 = Debug|Any CPU
		{3EA0681A-99FE-4134-8F72-12A670ACADE3}.Release|Any CPU.ActiveCfg = Release|Any CPU
		{3EA0681A-99FE-4134-8F72-12A670ACADE3}.Release|Any CPU.Build.0 = Release|Any CPU
	EndGlobalSection
	GlobalSection(SolutionProperties) = preSolution
		HideSolutionNode = FALSE
	EndGlobalSection
	GlobalSection(ExtensibilityGlobals) = postSolution
		SolutionGuid = {2BF5D7F7-5643-4163-B5E0-32D59173525E}
	EndGlobalSection
EndGlobal
